
Microsoft Visual Studio Solution File, Format Version 12.00
# Visual Studio Version 16
VisualStudioVersion = 16.0.31727.386
MinimumVisualStudioVersion = 10.0.40219.1
Project("{9A19103F-16F7-4668-BE54-9A1E7A4F7556}") = "MaximumOfMinimums", "MaximumOfMinimums\MaximumOfMinimums.csproj", "{350E4182-E6EF-4C8A-BEEE-D76ADB92300A}"
EndProject
Project("{9A19103F-16F7-4668-BE54-9A1E7A4F7556}") = "MaximumOfMinimumsTests", "MaximumOfMinimumsTests\MaximumOfMinimumsTests.csproj", "{0944CAB4-6957-45E0-837B-965806A1DC80}"
	ProjectSection(ProjectDependencies) = postProject
		{BAC48918-FE50-4BF8-8E7F-A0D89E7E7153} = {BAC48918-FE50-4BF8-8E7F-A0D89E7E7153}
	EndProjectSection
EndProject
Project("{FAE04EC0-301F-11D3-BF4B-00C04F79EFBC}") = "WebApplication", "WebApplication\WebApplication.csproj", "{8FAFB37C-1065-438F-A085-F2DB2334AF5C}"
	ProjectSection(ProjectDependencies) = postProject
		{BAC48918-FE50-4BF8-8E7F-A0D89E7E7153} = {BAC48918-FE50-4BF8-8E7F-A0D89E7E7153}
	EndProjectSection
EndProject
Project("{FAE04EC0-301F-11D3-BF4B-00C04F79EFBC}") = "MaximumLibrary", "MaximumLibrary\MaximumLibrary.csproj", "{BAC48918-FE50-4BF8-8E7F-A0D89E7E7153}"
EndProject
Global
	GlobalSection(SolutionConfigurationPlatforms) = preSolution
		Debug|Any CPU = Debug|Any CPU
		Release|Any CPU = Release|Any CPU
	EndGlobalSection
	GlobalSection(ProjectConfigurationPlatforms) = postSolution
		{350E4182-E6EF-4C8A-BEEE-D76ADB92300A}.Debug|Any CPU.ActiveCfg = Debug|Any CPU
		{350E4182-E6EF-4C8A-BEEE-D76ADB92300A}.Debug|Any CPU.Build.0 = Debug|Any CPU
		{350E4182-E6EF-4C8A-BEEE-D76ADB92300A}.Release|Any CPU.ActiveCfg = Release|Any CPU
		{350E4182-E6EF-4C8A-BEEE-D76ADB92300A}.Release|Any CPU.Build.0 = Release|Any CPU
		{0944CAB4-6957-45E0-837B-965806A1DC80}.Debug|Any CPU.ActiveCfg = Debug|Any CPU
		{0944CAB4-6957-45E0-837B-965806A1DC80}.Debug|Any CPU.Build.0 = Debug|Any CPU
		{0944CAB4-6957-45E0-837B-965806A1DC80}.Release|Any CPU.ActiveCfg = Release|Any CPU
		{0944CAB4-6957-45E0-837B-965806A1DC80}.Release|Any CPU.Build.0 = Release|Any CPU
		{8FAFB37C-1065-438F-A085-F2DB2334AF5C}.Debug|Any CPU.ActiveCfg = Debug|Any CPU
		{8FAFB37C-1065-438F-A085-F2DB2334AF5C}.Debug|Any CPU.Build.0 = Debug|Any CPU
		{8FAFB37C-1065-438F-A085-F2DB2334AF5C}.Release|Any CPU.ActiveCfg = Release|Any CPU
		{8FAFB37C-1065-438F-A085-F2DB2334AF5C}.Release|Any CPU.Build.0 = Release|Any CPU
		{BAC48918-FE50-4BF8-8E7F-A0D89E7E7153}.Debug|Any CPU.ActiveCfg = Debug|Any CPU
		{BAC48918-FE50-4BF8-8E7F-A0D89E7E7153}.Debug|Any CPU.Build.0 = Debug|Any CPU
		{BAC48918-FE50-4BF8-8E7F-A0D89E7E7153}.Release|Any CPU.ActiveCfg = Release|Any CPU
		{BAC48918-FE50-4BF8-8E7F-A0D89E7E7153}.Release|Any CPU.Build.0 = Release|Any CPU
	EndGlobalSection
	GlobalSection(SolutionProperties) = preSolution
		HideSolutionNode = FALSE
	EndGlobalSection
	GlobalSection(ExtensibilityGlobals) = postSolution
		SolutionGuid = {ECD2035E-AEB6-452F-B348-CB942DC90026}
	EndGlobalSection
EndGlobal
